
Microsoft Visual Studio Solution File, Format Version 12.00
# Visual Studio 15
VisualStudioVersion = 15.0.26124.0
MinimumVisualStudioVersion = 15.0.26124.0
Project("{FAE04EC0-301F-11D3-BF4B-00C04F79EFBC}") = "Restaurante.API", "Restaurante.API\Restaurante.API.csproj", "{7588B1EC-69BD-4F31-AE28-9CCE10048904}"
EndProject
Project("{FAE04EC0-301F-11D3-BF4B-00C04F79EFBC}") = "Restaurante.Domain", "Restaurante.Domain\Restaurante.Domain.csproj", "{D92E8DE0-74CC-456D-880E-986085AF5A07}"
EndProject
Project("{FAE04EC0-301F-11D3-BF4B-00C04F79EFBC}") = "Restaurante.Repository", "Restaurante.Repository\Restaurante.Repository.csproj", "{06C07421-6A5B-4577-9A4D-844BC49F2F0D}"
EndProject
Global
	GlobalSection(SolutionConfigurationPlatforms) = preSolution
		Debug|Any CPU = Debug|Any CPU
		Debug|x64 = Debug|x64
		Debug|x86 = Debug|x86
		Release|Any CPU = Release|Any CPU
		Release|x64 = Release|x64
		Release|x86 = Release|x86
	EndGlobalSection
	GlobalSection(SolutionProperties) = preSolution
		HideSolutionNode = FALSE
	EndGlobalSection
	GlobalSection(ProjectConfigurationPlatforms) = postSolution
		{7588B1EC-69BD-4F31-AE28-9CCE10048904}.Debug|Any CPU.ActiveCfg = Debug|Any CPU
		{7588B1EC-69BD-4F31-AE28-9CCE10048904}.Debug|Any CPU.Build.0 = Debug|Any CPU
		{7588B1EC-69BD-4F31-AE28-9CCE10048904}.Debug|x64.ActiveCfg = Debug|Any CPU
		{7588B1EC-69BD-4F31-AE28-9CCE10048904}.Debug|x64.Build.0 = Debug|Any CPU
		{7588B1EC-69BD-4F31-AE28-9CCE10048904}.Debug|x86.ActiveCfg = Debug|Any CPU
		{7588B1EC-69BD-4F31-AE28-9CCE10048904}.Debug|x86.Build.0 = Debug|Any CPU
		{7588B1EC-69BD-4F31-AE28-9CCE10048904}.Release|Any CPU.ActiveCfg = Release|Any CPU
		{7588B1EC-69BD-4F31-AE28-9CCE10048904}.Release|Any CPU.Build.0 = Release|Any CPU
		{7588B1EC-69BD-4F31-AE28-9CCE10048904}.Release|x64.ActiveCfg = Release|Any CPU
		{7588B1EC-69BD-4F31-AE28-9CCE10048904}.Release|x64.Build.0 = Release|Any CPU
		{7588B1EC-69BD-4F31-AE28-9CCE10048904}.Release|x86.ActiveCfg = Release|Any CPU
		{7588B1EC-69BD-4F31-AE28-9CCE10048904}.Release|x86.Build.0 = Release|Any CPU
		{D92E8DE0-74CC-456D-880E-986085AF5A07}.Debug|Any CPU.ActiveCfg = Debug|Any CPU
		{D92E8DE0-74CC-456D-880E-986085AF5A07}.Debug|Any CPU.Build.0 = Debug|Any CPU
		{D92E8DE0-74CC-456D-880E-986085AF5A07}.Debug|x64.ActiveCfg = Debug|Any CPU
		{D92E8DE0-74CC-456D-880E-986085AF5A07}.Debug|x64.Build.0 = Debug|Any CPU
		{D92E8DE0-74CC-456D-880E-986085AF5A07}.Debug|x86.ActiveCfg = Debug|Any CPU
		{D92E8DE0-74CC-456D-880E-986085AF5A07}.Debug|x86.Build.0 = Debug|Any CPU
		{D92E8DE0-74CC-456D-880E-986085AF5A07}.Release|Any CPU.ActiveCfg = Release|Any CPU
		{D92E8DE0-74CC-456D-880E-986085AF5A07}.Release|Any CPU.Build.0 = Release|Any CPU
		{D92E8DE0-74CC-456D-880E-986085AF5A07}.Release|x64.ActiveCfg = Release|Any CPU
		{D92E8DE0-74CC-456D-880E-986085AF5A07}.Release|x64.Build.0 = Release|Any CPU
		{D92E8DE0-74CC-456D-880E-986085AF5A07}.Release|x86.ActiveCfg = Release|Any CPU
		{D92E8DE0-74CC-456D-880E-986085AF5A07}.Release|x86.Build.0 = Release|Any CPU
		{06C07421-6A5B-4577-9A4D-844BC49F2F0D}.Debug|Any CPU.ActiveCfg = Debug|Any CPU
		{06C07421-6A5B-4577-9A4D-844BC49F2F0D}.Debug|Any CPU.Build.0 = Debug|Any CPU
		{06C07421-6A5B-4577-9A4D-844BC49F2F0D}.Debug|x64.ActiveCfg = Debug|Any CPU
		{06C07421-6A5B-4577-9A4D-844BC49F2F0D}.Debug|x64.Build.0 = Debug|Any CPU
		{06C07421-6A5B-4577-9A4D-844BC49F2F0D}.Debug|x86.ActiveCfg = Debug|Any CPU
		{06C07421-6A5B-4577-9A4D-844BC49F2F0D}.Debug|x86.Build.0 = Debug|Any CPU
		{06C07421-6A5B-4577-9A4D-844BC49F2F0D}.Release|Any CPU.ActiveCfg = Release|Any CPU
		{06C07421-6A5B-4577-9A4D-844BC49F2F0D}.Release|Any CPU.Build.0 = Release|Any CPU
		{06C07421-6A5B-4577-9A4D-844BC49F2F0D}.Release|x64.ActiveCfg = Release|Any CPU
		{06C07421-6A5B-4577-9A4D-844BC49F2F0D}.Release|x64.Build.0 = Release|Any CPU
		{06C07421-6A5B-4577-9A4D-844BC49F2F0D}.Release|x86.ActiveCfg = Release|Any CPU
		{06C07421-6A5B-4577-9A4D-844BC49F2F0D}.Release|x86.Build.0 = Release|Any CPU
	EndGlobalSection
EndGlobal
